
Microsoft Visual Studio Solution File, Format Version 12.00
# Visual Studio Version 17
VisualStudioVersion = 17.5.33516.290
MinimumVisualStudioVersion = 10.0.40219.1
Project("{FAE04EC0-301F-11D3-BF4B-00C04F79EFBC}") = "Pacman", "Pacman\Pacman.csproj", "{5BA62FCC-6F5C-422E-8011-A1257F9603F5}"
EndProject
Global
	GlobalSection(SolutionConfigurationPlatforms) = preSolution
		Debug|Any CPU = Debug|Any CPU
		Release|Any CPU = Release|Any CPU
	EndGlobalSection
	GlobalSection(ProjectConfigurationPlatforms) = postSolution
		{5BA62FCC-6F5C-422E-8011-A1257F9603F5}.Debug|Any CPU.ActiveCfg = Debug|Any CPU
		{5BA62FCC-6F5C-422E-8011-A1257F9603F5}.Debug|Any CPU.Build.0 = Debug|Any CPU
		{5BA62FCC-6F5C-422E-8011-A1257F9603F5}.Release|Any CPU.ActiveCfg = Release|Any CPU
		{5BA62FCC-6F5C-422E-8011-A1257F9603F5}.Release|Any CPU.Build.0 = Release|Any CPU
	EndGlobalSection
	GlobalSection(SolutionProperties) = preSolution
		HideSolutionNode = FALSE
	EndGlobalSection
	GlobalSection(ExtensibilityGlobals) = postSolution
		SolutionGuid = {28A701F4-F748-48C9-8F54-2392D68A100B}
		RESX_AutoCreateNewLanguageFiles = True
		RESX_ShowErrorsInErrorList = True
		RESX_SortFileContentOnSave = True
	EndGlobalSection
EndGlobal
